// !$*UTF8*$!
{
	archiveVersion = 1;
	classes = {
	};
	objectVersion = 46;
	objects = {

/* Begin PBXBuildFile section */
		9AA9AA2B1C92633300D3B96F /* AppDelegate.swift in Sources */ = {isa = PBXBuildFile; fileRef = 9AA9AA2A1C92633300D3B96F /* AppDelegate.swift */; };
		9AA9AA2D1C92633300D3B96F /* ViewController.swift in Sources */ = {isa = PBXBuildFile; fileRef = 9AA9AA2C1C92633300D3B96F /* ViewController.swift */; };
		9AA9AA301C92633300D3B96F /* Main.storyboard in Resources */ = {isa = PBXBuildFile; fileRef = 9AA9AA2E1C92633300D3B96F /* Main.storyboard */; };
		9AA9AA321C92633300D3B96F /* Assets.xcassets in Resources */ = {isa = PBXBuildFile; fileRef = 9AA9AA311C92633300D3B96F /* Assets.xcassets */; };
		9AA9AA351C92633300D3B96F /* LaunchScreen.storyboard in Resources */ = {isa = PBXBuildFile; fileRef = 9AA9AA331C92633300D3B96F /* LaunchScreen.storyboard */; };
		9AA9AA401C92633300D3B96F /* test_JSQMessagesViewControllerTests.swift in Sources */ = {isa = PBXBuildFile; fileRef = 9AA9AA3F1C92633300D3B96F /* test_JSQMessagesViewControllerTests.swift */; };
		9AA9AA4B1C92633300D3B96F /* test_JSQMessagesViewControllerUITests.swift in Sources */ = {isa = PBXBuildFile; fileRef = 9AA9AA4A1C92633300D3B96F /* test_JSQMessagesViewControllerUITests.swift */; };
/* End PBXBuildFile section */

/* Begin PBXContainerItemProxy section */
		9AA9AA3C1C92633300D3B96F /* PBXContainerItemProxy */ = {
			isa = PBXContainerItemProxy;
			containerPortal = 9AA9AA1F1C92633300D3B96F /* Project object */;
			proxyType = 1;
			remoteGlobalIDString = 9AA9AA261C92633300D3B96F;
			remoteInfo = test_JSQMessagesViewController;
		};
		9AA9AA471C92633300D3B96F /* PBXContainerItemProxy */ = {
			isa = PBXContainerItemProxy;
			containerPortal = 9AA9AA1F1C92633300D3B96F /* Project object */;
			proxyType = 1;
			remoteGlobalIDString = 9AA9AA261C92633300D3B96F;
			remoteInfo = test_JSQMessagesViewController;
		};
/* End PBXContainerItemProxy section */

/* Begin PBXFileReference section */
		9AA9AA271C92633300D3B96F /* test_JSQMessagesViewController.app */ = {isa = PBXFileReference; explicitFileType = wrapper.application; includeInIndex = 0; path = test_JSQMessagesViewController.app; sourceTree = BUILT_PRODUCTS_DIR; };
		9AA9AA2A1C92633300D3B96F /* AppDelegate.swift */ = {isa = PBXFileReference; lastKnownFileType = sourcecode.swift; path = AppDelegate.swift; sourceTree = "<group>"; };
		9AA9AA2C1C92633300D3B96F /* ViewController.swift */ = {isa = PBXFileReference; lastKnownFileType = sourcecode.swift; path = ViewController.swift; sourceTree = "<group>"; };
		9AA9AA2F1C92633300D3B96F /* Base */ = {isa = PBXFileReference; lastKnownFileType = file.storyboard; name = Base; path = Base.lproj/Main.storyboard; sourceTree = "<group>"; };
		9AA9AA311C92633300D3B96F /* Assets.xcassets */ = {isa = PBXFileReference; lastKnownFileType = folder.assetcatalog; path = Assets.xcassets; sourceTree = "<group>"; };
		9AA9AA341C92633300D3B96F /* Base */ = {isa = PBXFileReference; lastKnownFileType = file.storyboard; name = Base; path = Base.lproj/LaunchScreen.storyboard; sourceTree = "<group>"; };
		9AA9AA361C92633300D3B96F /* Info.plist */ = {isa = PBXFileReference; lastKnownFileType = text.plist.xml; path = Info.plist; sourceTree = "<group>"; };
		9AA9AA3B1C92633300D3B96F /* test_JSQMessagesViewControllerTests.xctest */ = {isa = PBXFileReference; explicitFileType = wrapper.cfbundle; includeInIndex = 0; path = test_JSQMessagesViewControllerTests.xctest; sourceTree = BUILT_PRODUCTS_DIR; };
		9AA9AA3F1C92633300D3B96F /* test_JSQMessagesViewControllerTests.swift */ = {isa = PBXFileReference; lastKnownFileType = sourcecode.swift; path = test_JSQMessagesViewControllerTests.swift; sourceTree = "<group>"; };
		9AA9AA411C92633300D3B96F /* Info.plist */ = {isa = PBXFileReference; lastKnownFileType = text.plist.xml; path = Info.plist; sourceTree = "<group>"; };
		9AA9AA461C92633300D3B96F /* test_JSQMessagesViewControllerUITests.xctest */ = {isa = PBXFileReference; explicitFileType = wrapper.cfbundle; includeInIndex = 0; path = test_JSQMessagesViewControllerUITests.xctest; sourceTree = BUILT_PRODUCTS_DIR; };
		9AA9AA4A1C92633300D3B96F /* test_JSQMessagesViewControllerUITests.swift */ = {isa = PBXFileReference; lastKnownFileType = sourcecode.swift; path = test_JSQMessagesViewControllerUITests.swift; sourceTree = "<group>"; };
		9AA9AA4C1C92633300D3B96F /* Info.plist */ = {isa = PBXFileReference; lastKnownFileType = text.plist.xml; path = Info.plist; sourceTree = "<group>"; };
/* End PBXFileReference section */

/* Begin PBXFrameworksBuildPhase section */
		9AA9AA241C92633300D3B96F /* Frameworks */ = {
			isa = PBXFrameworksBuildPhase;
			buildActionMask = 2147483647;
			files = (
			);
			runOnlyForDeploymentPostprocessing = 0;
		};
		9AA9AA381C92633300D3B96F /* Frameworks */ = {
			isa = PBXFrameworksBuildPhase;
			buildActionMask = 2147483647;
			files = (
			);
			runOnlyForDeploymentPostprocessing = 0;
		};
		9AA9AA431C92633300D3B96F /* Frameworks */ = {
			isa = PBXFrameworksBuildPhase;
			buildActionMask = 2147483647;
			files = (
			);
			runOnlyForDeploymentPostprocessing = 0;
		};
/* End PBXFrameworksBuildPhase section */

/* Begin PBXGroup section */
		9AA9AA1E1C92633300D3B96F = {
			isa = PBXGroup;
			children = (
				9AA9AA291C92633300D3B96F /* test_JSQMessagesViewController */,
				9AA9AA3E1C92633300D3B96F /* test_JSQMessagesViewControllerTests */,
				9AA9AA491C92633300D3B96F /* test_JSQMessagesViewControllerUITests */,
				9AA9AA281C92633300D3B96F /* Products */,
			);
			sourceTree = "<group>";
		};
		9AA9AA281C92633300D3B96F /* Products */ = {
			isa = PBXGroup;
			children = (
				9AA9AA271C92633300D3B96F /* test_JSQMessagesViewController.app */,
				9AA9AA3B1C92633300D3B96F /* test_JSQMessagesViewControllerTests.xctest */,
				9AA9AA461C92633300D3B96F /* test_JSQMessagesViewControllerUITests.xctest */,
			);
			name = Products;
			sourceTree = "<group>";
		};
		9AA9AA291C92633300D3B96F /* test_JSQMessagesViewController */ = {
			isa = PBXGroup;
			children = (
				9AA9AA2A1C92633300D3B96F /* AppDelegate.swift */,
				9AA9AA2C1C92633300D3B96F /* ViewController.swift */,
				9AA9AA2E1C92633300D3B96F /* Main.storyboard */,
				9AA9AA311C92633300D3B96F /* Assets.xcassets */,
				9AA9AA331C92633300D3B96F /* LaunchScreen.storyboard */,
				9AA9AA361C92633300D3B96F /* Info.plist */,
			);
			path = test_JSQMessagesViewController;
			sourceTree = "<group>";
		};
		9AA9AA3E1C92633300D3B96F /* test_JSQMessagesViewControllerTests */ = {
			isa = PBXGroup;
			children = (
				9AA9AA3F1C92633300D3B96F /* test_JSQMessagesViewControllerTests.swift */,
				9AA9AA411C92633300D3B96F /* Info.plist */,
			);
			path = test_JSQMessagesViewControllerTests;
			sourceTree = "<group>";
		};
		9AA9AA491C92633300D3B96F /* test_JSQMessagesViewControllerUITests */ = {
			isa = PBXGroup;
			children = (
				9AA9AA4A1C92633300D3B96F /* test_JSQMessagesViewControllerUITests.swift */,
				9AA9AA4C1C92633300D3B96F /* Info.plist */,
			);
			path = test_JSQMessagesViewControllerUITests;
			sourceTree = "<group>";
		};
/* End PBXGroup section */

/* Begin PBXNativeTarget section */
		9AA9AA261C92633300D3B96F /* test_JSQMessagesViewController */ = {
			isa = PBXNativeTarget;
			buildConfigurationList = 9AA9AA4F1C92633300D3B96F /* Build configuration list for PBXNativeTarget "test_JSQMessagesViewController" */;
			buildPhases = (
				9AA9AA231C92633300D3B96F /* Sources */,
				9AA9AA241C92633300D3B96F /* Frameworks */,
				9AA9AA251C92633300D3B96F /* Resources */,
			);
			buildRules = (
			);
			dependencies = (
			);
			name = test_JSQMessagesViewController;
			productName = test_JSQMessagesViewController;
			productReference = 9AA9AA271C92633300D3B96F /* test_JSQMessagesViewController.app */;
			productType = "com.apple.product-type.application";
		};
		9AA9AA3A1C92633300D3B96F /* test_JSQMessagesViewControllerTests */ = {
			isa = PBXNativeTarget;
			buildConfigurationList = 9AA9AA521C92633300D3B96F /* Build configuration list for PBXNativeTarget "test_JSQMessagesViewControllerTests" */;
			buildPhases = (
				9AA9AA371C92633300D3B96F /* Sources */,
				9AA9AA381C92633300D3B96F /* Frameworks */,
				9AA9AA391C92633300D3B96F /* Resources */,
			);
			buildRules = (
			);
			dependencies = (
				9AA9AA3D1C92633300D3B96F /* PBXTargetDependency */,
			);
			name = test_JSQMessagesViewControllerTests;
			productName = test_JSQMessagesViewControllerTests;
			productReference = 9AA9AA3B1C92633300D3B96F /* test_JSQMessagesViewControllerTests.xctest */;
			productType = "com.apple.product-type.bundle.unit-test";
		};
		9AA9AA451C92633300D3B96F /* test_JSQMessagesViewControllerUITests */ = {
			isa = PBXNativeTarget;
			buildConfigurationList = 9AA9AA551C92633300D3B96F /* Build configuration list for PBXNativeTarget "test_JSQMessagesViewControllerUITests" */;
			buildPhases = (
				9AA9AA421C92633300D3B96F /* Sources */,
				9AA9AA431C92633300D3B96F /* Frameworks */,
				9AA9AA441C92633300D3B96F /* Resources */,
			);
			buildRules = (
			);
			dependencies = (
				9AA9AA481C92633300D3B96F /* PBXTargetDependency */,
			);
			name = test_JSQMessagesViewControllerUITests;
			productName = test_JSQMessagesViewControllerUITests;
			productReference = 9AA9AA461C92633300D3B96F /* test_JSQMessagesViewControllerUITests.xctest */;
			productType = "com.apple.product-type.bundle.ui-testing";
		};
/* End PBXNativeTarget section */

/* Begin PBXProject section */
		9AA9AA1F1C92633300D3B96F /* Project object */ = {
			isa = PBXProject;
			attributes = {
				LastSwiftUpdateCheck = 0720;
				LastUpgradeCheck = 0720;
				ORGANIZATIONNAME = riku_arakawa;
				TargetAttributes = {
					9AA9AA261C92633300D3B96F = {
						CreatedOnToolsVersion = 7.2;
						DevelopmentTeam = W5GEL5NL4Y;
					};
					9AA9AA3A1C92633300D3B96F = {
						CreatedOnToolsVersion = 7.2;
						DevelopmentTeam = W5GEL5NL4Y;
						TestTargetID = 9AA9AA261C92633300D3B96F;
					};
					9AA9AA451C92633300D3B96F = {
						CreatedOnToolsVersion = 7.2;
						DevelopmentTeam = W5GEL5NL4Y;
						TestTargetID = 9AA9AA261C92633300D3B96F;
					};
				};
			};
			buildConfigurationList = 9AA9AA221C92633300D3B96F /* Build configuration list for PBXProject "test_JSQMessagesViewController" */;
			compatibilityVersion = "Xcode 3.2";
			developmentRegion = English;
			hasScannedForEncodings = 0;
			knownRegions = (
				en,
				Base,
			);
			mainGroup = 9AA9AA1E1C92633300D3B96F;
			productRefGroup = 9AA9AA281C92633300D3B96F /* Products */;
			projectDirPath = "";
			projectRoot = "";
			targets = (
				9AA9AA261C92633300D3B96F /* test_JSQMessagesViewController */,
				9AA9AA3A1C92633300D3B96F /* test_JSQMessagesViewControllerTests */,
				9AA9AA451C92633300D3B96F /* test_JSQMessagesViewControllerUITests */,
			);
		};
/* End PBXProject section */

/* Begin PBXResourcesBuildPhase section */
		9AA9AA251C92633300D3B96F /* Resources */ = {
			isa = PBXResourcesBuildPhase;
			buildActionMask = 2147483647;
			files = (
				9AA9AA351C92633300D3B96F /* LaunchScreen.storyboard in Resources */,
				9AA9AA321C92633300D3B96F /* Assets.xcassets in Resources */,
				9AA9AA301C92633300D3B96F /* Main.storyboard in Resources */,
			);
			runOnlyForDeploymentPostprocessing = 0;
		};
		9AA9AA391C92633300D3B96F /* Resources */ = {
			isa = PBXResourcesBuildPhase;
			buildActionMask = 2147483647;
			files = (
			);
			runOnlyForDeploymentPostprocessing = 0;
		};
		9AA9AA441C92633300D3B96F /* Resources */ = {
			isa = PBXResourcesBuildPhase;
			buildActionMask = 2147483647;
			files = (
			);
			runOnlyForDeploymentPostprocessing = 0;
		};
/* End PBXResourcesBuildPhase section */

/* Begin PBXSourcesBuildPhase section */
		9AA9AA231C92633300D3B96F /* Sources */ = {
			isa = PBXSourcesBuildPhase;
			buildActionMask = 2147483647;
			files = (
				9AA9AA2D1C92633300D3B96F /* ViewController.swift in Sources */,
				9AA9AA2B1C92633300D3B96F /* AppDelegate.swift in Sources */,
			);
			runOnlyForDeploymentPostprocessing = 0;
		};
		9AA9AA371C92633300D3B96F /* Sources */ = {
			isa = PBXSourcesBuildPhase;
			buildActionMask = 2147483647;
			files = (
				9AA9AA401C92633300D3B96F /* test_JSQMessagesViewControllerTests.swift in Sources */,
			);
			runOnlyForDeploymentPostprocessing = 0;
		};
		9AA9AA421C92633300D3B96F /* Sources */ = {
			isa = PBXSourcesBuildPhase;
			buildActionMask = 2147483647;
			files = (
				9AA9AA4B1C92633300D3B96F /* test_JSQMessagesViewControllerUITests.swift in Sources */,
			);
			runOnlyForDeploymentPostprocessing = 0;
		};
/* End PBXSourcesBuildPhase section */

/* Begin PBXTargetDependency section */
		9AA9AA3D1C92633300D3B96F /* PBXTargetDependency */ = {
			isa = PBXTargetDependency;
			target = 9AA9AA261C92633300D3B96F /* test_JSQMessagesViewController */;
			targetProxy = 9AA9AA3C1C92633300D3B96F /* PBXContainerItemProxy */;
		};
		9AA9AA481C92633300D3B96F /* PBXTargetDependency */ = {
			isa = PBXTargetDependency;
			target = 9AA9AA261C92633300D3B96F /* test_JSQMessagesViewController */;
			targetProxy = 9AA9AA471C92633300D3B96F /* PBXContainerItemProxy */;
		};
/* End PBXTargetDependency section */

/* Begin PBXVariantGroup section */
		9AA9AA2E1C92633300D3B96F /* Main.storyboard */ = {
			isa = PBXVariantGroup;
			children = (
				9AA9AA2F1C92633300D3B96F /* Base */,
			);
			name = Main.storyboard;
			sourceTree = "<group>";
		};
		9AA9AA331C92633300D3B96F /* LaunchScreen.storyboard */ = {
			isa = PBXVariantGroup;
			children = (
				9AA9AA341C92633300D3B96F /* Base */,
			);
			name = LaunchScreen.storyboard;
			sourceTree = "<group>";
		};
/* End PBXVariantGroup section */

/* Begin XCBuildConfiguration section */
		9AA9AA4D1C92633300D3B96F /* Debug */ = {
			isa = XCBuildConfiguration;
			buildSettings = {
				ALWAYS_SEARCH_USER_PATHS = NO;
				CLANG_CXX_LANGUAGE_STANDARD = "gnu++0x";
				CLANG_CXX_LIBRARY = "libc++";
				CLANG_ENABLE_MODULES = YES;
				CLANG_ENABLE_OBJC_ARC = YES;
				CLANG_WARN_BOOL_CONVERSION = YES;
				CLANG_WARN_CONSTANT_CONVERSION = YES;
				CLANG_WARN_DIRECT_OBJC_ISA_USAGE = YES_ERROR;
				CLANG_WARN_EMPTY_BODY = YES;
				CLANG_WARN_ENUM_CONVERSION = YES;
				CLANG_WARN_INT_CONVERSION = YES;
				CLANG_WARN_OBJC_ROOT_CLASS = YES_ERROR;
				CLANG_WARN_UNREACHABLE_CODE = YES;
				CLANG_WARN__DUPLICATE_METHOD_MATCH = YES;
				"CODE_SIGN_IDENTITY[sdk=iphoneos*]" = "iPhone Developer";
				COPY_PHASE_STRIP = NO;
				DEBUG_INFORMATION_FORMAT = dwarf;
				ENABLE_STRICT_OBJC_MSGSEND = YES;
				ENABLE_TESTABILITY = YES;
				GCC_C_LANGUAGE_STANDARD = gnu99;
				GCC_DYNAMIC_NO_PIC = NO;
				GCC_NO_COMMON_BLOCKS = YES;
				GCC_OPTIMIZATION_LEVEL = 0;
				GCC_PREPROCESSOR_DEFINITIONS = (
					"DEBUG=1",
					"$(inherited)",
				);
				GCC_WARN_64_TO_32_BIT_CONVERSION = YES;
				GCC_WARN_ABOUT_RETURN_TYPE = YES_ERROR;
				GCC_WARN_UNDECLARED_SELECTOR = YES;
				GCC_WARN_UNINITIALIZED_AUTOS = YES_AGGRESSIVE;
				GCC_WARN_UNUSED_FUNCTION = YES;
				GCC_WARN_UNUSED_VARIABLE = YES;
				IPHONEOS_DEPLOYMENT_TARGET = 9.2;
				MTL_ENABLE_DEBUG_INFO = YES;
				ONLY_ACTIVE_ARCH = YES;
				SDKROOT = iphoneos;
				SWIFT_OPTIMIZATION_LEVEL = "-Onone";
			};
			name = Debug;
		};
		9AA9AA4E1C92633300D3B96F /* Release */ = {
			isa = XCBuildConfiguration;
			buildSettings = {
				ALWAYS_SEARCH_USER_PATHS = NO;
				CLANG_CXX_LANGUAGE_STANDARD = "gnu++0x";
				CLANG_CXX_LIBRARY = "libc++";
				CLANG_ENABLE_MODULES = YES;
				CLANG_ENABLE_OBJC_ARC = YES;
				CLANG_WARN_BOOL_CONVERSION = YES;
				CLANG_WARN_CONSTANT_CONVERSION = YES;
				CLANG_WARN_DIRECT_OBJC_ISA_USAGE = YES_ERROR;
				CLANG_WARN_EMPTY_BODY = YES;
				CLANG_WARN_ENUM_CONVERSION = YES;
				CLANG_WARN_INT_CONVERSION = YES;
				CLANG_WARN_OBJC_ROOT_CLASS = YES_ERROR;
				CLANG_WARN_UNREACHABLE_CODE = YES;
				CLANG_WARN__DUPLICATE_METHOD_MATCH = YES;
				"CODE_SIGN_IDENTITY[sdk=iphoneos*]" = "iPhone Developer";
				COPY_PHASE_STRIP = NO;
				DEBUG_INFORMATION_FORMAT = "dwarf-with-dsym";
				ENABLE_NS_ASSERTIONS = NO;
				ENABLE_STRICT_OBJC_MSGSEND = YES;
				GCC_C_LANGUAGE_STANDARD = gnu99;
				GCC_NO_COMMON_BLOCKS = YES;
				GCC_WARN_64_TO_32_BIT_CONVERSION = YES;
				GCC_WARN_ABOUT_RETURN_TYPE = YES_ERROR;
				GCC_WARN_UNDECLARED_SELECTOR = YES;
				GCC_WARN_UNINITIALIZED_AUTOS = YES_AGGRESSIVE;
				GCC_WARN_UNUSED_FUNCTION = YES;
				GCC_WARN_UNUSED_VARIABLE = YES;
				IPHONEOS_DEPLOYMENT_TARGET = 9.2;
				MTL_ENABLE_DEBUG_INFO = NO;
				SDKROOT = iphoneos;
				VALIDATE_PRODUCT = YES;
			};
			name = Release;
		};
		9AA9AA501C92633300D3B96F /* Debug */ = {
			isa = XCBuildConfiguration;
			buildSettings = {
				ASSETCATALOG_COMPILER_APPICON_NAME = AppIcon;
				INFOPLIST_FILE = test_JSQMessagesViewController/Info.plist;
				LD_RUNPATH_SEARCH_PATHS = "$(inherited) @executable_path/Frameworks";
				PRODUCT_BUNDLE_IDENTIFIER = "riku-arakawa.test-JSQMessagesViewController";
				PRODUCT_NAME = "$(TARGET_NAME)";
			};
			name = Debug;
		};
		9AA9AA511C92633300D3B96F /* Release */ = {
			isa = XCBuildConfiguration;
			buildSettings = {
				ASSETCATALOG_COMPILER_APPICON_NAME = AppIcon;
				INFOPLIST_FILE = test_JSQMessagesViewController/Info.plist;
				LD_RUNPATH_SEARCH_PATHS = "$(inherited) @executable_path/Frameworks";
				PRODUCT_BUNDLE_IDENTIFIER = "riku-arakawa.test-JSQMessagesViewController";
				PRODUCT_NAME = "$(TARGET_NAME)";
			};
			name = Release;
		};
		9AA9AA531C92633300D3B96F /* Debug */ = {
			isa = XCBuildConfiguration;
			buildSettings = {
				BUNDLE_LOADER = "$(TEST_HOST)";
				INFOPLIST_FILE = test_JSQMessagesViewControllerTests/Info.plist;
				LD_RUNPATH_SEARCH_PATHS = "$(inherited) @executable_path/Frameworks @loader_path/Frameworks";
				PRODUCT_BUNDLE_IDENTIFIER = "riku-arakawa.test-JSQMessagesViewControllerTests";
				PRODUCT_NAME = "$(TARGET_NAME)";
				TEST_HOST = "$(BUILT_PRODUCTS_DIR)/test_JSQMessagesViewController.app/test_JSQMessagesViewController";
			};
			name = Debug;
		};
		9AA9AA541C92633300D3B96F /* Release */ = {
			isa = XCBuildConfiguration;
			buildSettings = {
				BUNDLE_LOADER = "$(TEST_HOST)";
				INFOPLIST_FILE = test_JSQMessagesViewControllerTests/Info.plist;
				LD_RUNPATH_SEARCH_PATHS = "$(inherited) @executable_path/Frameworks @loader_path/Frameworks";
				PRODUCT_BUNDLE_IDENTIFIER = "riku-arakawa.test-JSQMessagesViewControllerTests";
				PRODUCT_NAME = "$(TARGET_NAME)";
				TEST_HOST = "$(BUILT_PRODUCTS_DIR)/test_JSQMessagesViewController.app/test_JSQMessagesViewController";
			};
			name = Release;
		};
		9AA9AA561C92633300D3B96F /* Debug */ = {
			isa = XCBuildConfiguration;
			buildSettings = {
				INFOPLIST_FILE = test_JSQMessagesViewControllerUITests/Info.plist;
				LD_RUNPATH_SEARCH_PATHS = "$(inherited) @executable_path/Frameworks @loader_path/Frameworks";
				PRODUCT_BUNDLE_IDENTIFIER = "riku-arakawa.test-JSQMessagesViewControllerUITests";
				PRODUCT_NAME = "$(TARGET_NAME)";
				TEST_TARGET_NAME = test_JSQMessagesViewController;
				USES_XCTRUNNER = YES;
			};
			name = Debug;
		};
		9AA9AA571C92633300D3B96F /* Release */ = {
			isa = XCBuildConfiguration;
			buildSettings = {
				INFOPLIST_FILE = test_JSQMessagesViewControllerUITests/Info.plist;
				LD_RUNPATH_SEARCH_PATHS = "$(inherited) @executable_path/Frameworks @loader_path/Frameworks";
				PRODUCT_BUNDLE_IDENTIFIER = "riku-arakawa.test-JSQMessagesViewControllerUITests";
				PRODUCT_NAME = "$(TARGET_NAME)";
				TEST_TARGET_NAME = test_JSQMessagesViewController;
				USES_XCTRUNNER = YES;
			};
			name = Release;
		};
/* End XCBuildConfiguration section */

/* Begin XCConfigurationList section */
		9AA9AA221C92633300D3B96F /* Build configuration list for PBXProject "test_JSQMessagesViewController" */ = {
			isa = XCConfigurationList;
			buildConfigurations = (
				9AA9AA4D1C92633300D3B96F /* Debug */,
				9AA9AA4E1C92633300D3B96F /* Release */,
			);
			defaultConfigurationIsVisible = 0;
			defaultConfigurationName = Release;
		};
		9AA9AA4F1C92633300D3B96F /* Build configuration list for PBXNativeTarget "test_JSQMessagesViewController" */ = {
			isa = XCConfigurationList;
			buildConfigurations = (
				9AA9AA501C92633300D3B96F /* Debug */,
				9AA9AA511C92633300D3B96F /* Release */,
			);
			defaultConfigurationIsVisible = 0;
		};
		9AA9AA521C92633300D3B96F /* Build configuration list for PBXNativeTarget "test_JSQMessagesViewControllerTests" */ = {
			isa = XCConfigurationList;
			buildConfigurations = (
				9AA9AA531C92633300D3B96F /* Debug */,
				9AA9AA541C92633300D3B96F /* Release */,
			);
			defaultConfigurationIsVisible = 0;
		};
		9AA9AA551C92633300D3B96F /* Build configuration list for PBXNativeTarget "test_JSQMessagesViewControllerUITests" */ = {
			isa = XCConfigurationList;
			buildConfigurations = (
				9AA9AA561C92633300D3B96F /* Debug */,
				9AA9AA571C92633300D3B96F /* Release */,
			);
			defaultConfigurationIsVisible = 0;
		};
/* End XCConfigurationList section */
	};
	rootObject = 9AA9AA1F1C92633300D3B96F /* Project object */;
}
